// !$*UTF8*$!
{
	archiveVersion = 1;
	classes = {
	};
	objectVersion = 46;
	objects = {

/* Begin PBXBuildFile section */
		8AF6BCF91E3054E4005C4810 /* AppDelegate.swift in Sources */ = {isa = PBXBuildFile; fileRef = 8AF6BCF81E3054E4005C4810 /* AppDelegate.swift */; };
		8AF6BCFB1E3054E4005C4810 /* ViewController.swift in Sources */ = {isa = PBXBuildFile; fileRef = 8AF6BCFA1E3054E4005C4810 /* ViewController.swift */; };
		8AF6BCFE1E3054E4005C4810 /* Main.storyboard in Resources */ = {isa = PBXBuildFile; fileRef = 8AF6BCFC1E3054E4005C4810 /* Main.storyboard */; };
		8AF6BD001E3054E4005C4810 /* Assets.xcassets in Resources */ = {isa = PBXBuildFile; fileRef = 8AF6BCFF1E3054E4005C4810 /* Assets.xcassets */; };
		8AF6BD031E3054E4005C4810 /* LaunchScreen.storyboard in Resources */ = {isa = PBXBuildFile; fileRef = 8AF6BD011E3054E4005C4810 /* LaunchScreen.storyboard */; };
		8AF6BD0E1E3054E4005C4810 /* HelloWorldTests.swift in Sources */ = {isa = PBXBuildFile; fileRef = 8AF6BD0D1E3054E4005C4810 /* HelloWorldTests.swift */; };
		8AF6BD191E3054E4005C4810 /* HelloWorldUITests.swift in Sources */ = {isa = PBXBuildFile; fileRef = 8AF6BD181E3054E4005C4810 /* HelloWorldUITests.swift */; };
/* End PBXBuildFile section */

/* Begin PBXContainerItemProxy section */
		8AF6BD0A1E3054E4005C4810 /* PBXContainerItemProxy */ = {
			isa = PBXContainerItemProxy;
			containerPortal = 8AF6BCED1E3054E3005C4810 /* Project object */;
			proxyType = 1;
			remoteGlobalIDString = 8AF6BCF41E3054E4005C4810;
			remoteInfo = HelloWorld;
		};
		8AF6BD151E3054E4005C4810 /* PBXContainerItemProxy */ = {
			isa = PBXContainerItemProxy;
			containerPortal = 8AF6BCED1E3054E3005C4810 /* Project object */;
			proxyType = 1;
			remoteGlobalIDString = 8AF6BCF41E3054E4005C4810;
			remoteInfo = HelloWorld;
		};
/* End PBXContainerItemProxy section */

/* Begin PBXFileReference section */
		8AF6BCF51E3054E4005C4810 /* HelloWorld.app */ = {isa = PBXFileReference; explicitFileType = wrapper.application; includeInIndex = 0; path = HelloWorld.app; sourceTree = BUILT_PRODUCTS_DIR; };
		8AF6BCF81E3054E4005C4810 /* AppDelegate.swift */ = {isa = PBXFileReference; lastKnownFileType = sourcecode.swift; path = AppDelegate.swift; sourceTree = "<group>"; };
		8AF6BCFA1E3054E4005C4810 /* ViewController.swift */ = {isa = PBXFileReference; lastKnownFileType = sourcecode.swift; path = ViewController.swift; sourceTree = "<group>"; };
		8AF6BCFD1E3054E4005C4810 /* Base */ = {isa = PBXFileReference; lastKnownFileType = file.storyboard; name = Base; path = Base.lproj/Main.storyboard; sourceTree = "<group>"; };
		8AF6BCFF1E3054E4005C4810 /* Assets.xcassets */ = {isa = PBXFileReference; lastKnownFileType = folder.assetcatalog; path = Assets.xcassets; sourceTree = "<group>"; };
		8AF6BD021E3054E4005C4810 /* Base */ = {isa = PBXFileReference; lastKnownFileType = file.storyboard; name = Base; path = Base.lproj/LaunchScreen.storyboard; sourceTree = "<group>"; };
		8AF6BD041E3054E4005C4810 /* Info.plist */ = {isa = PBXFileReference; lastKnownFileType = text.plist.xml; path = Info.plist; sourceTree = "<group>"; };
		8AF6BD091E3054E4005C4810 /* HelloWorldTests.xctest */ = {isa = PBXFileReference; explicitFileType = wrapper.cfbundle; includeInIndex = 0; path = HelloWorldTests.xctest; sourceTree = BUILT_PRODUCTS_DIR; };
		8AF6BD0D1E3054E4005C4810 /* HelloWorldTests.swift */ = {isa = PBXFileReference; lastKnownFileType = sourcecode.swift; path = HelloWorldTests.swift; sourceTree = "<group>"; };
		8AF6BD0F1E3054E4005C4810 /* Info.plist */ = {isa = PBXFileReference; lastKnownFileType = text.plist.xml; path = Info.plist; sourceTree = "<group>"; };
		8AF6BD141E3054E4005C4810 /* HelloWorldUITests.xctest */ = {isa = PBXFileReference; explicitFileType = wrapper.cfbundle; includeInIndex = 0; path = HelloWorldUITests.xctest; sourceTree = BUILT_PRODUCTS_DIR; };
		8AF6BD181E3054E4005C4810 /* HelloWorldUITests.swift */ = {isa = PBXFileReference; lastKnownFileType = sourcecode.swift; path = HelloWorldUITests.swift; sourceTree = "<group>"; };
		8AF6BD1A1E3054E4005C4810 /* Info.plist */ = {isa = PBXFileReference; lastKnownFileType = text.plist.xml; path = Info.plist; sourceTree = "<group>"; };
/* End PBXFileReference section */

/* Begin PBXFrameworksBuildPhase section */
		8AF6BCF21E3054E4005C4810 /* Frameworks */ = {
			isa = PBXFrameworksBuildPhase;
			buildActionMask = 2147483647;
			files = (
			);
			runOnlyForDeploymentPostprocessing = 0;
		};
		8AF6BD061E3054E4005C4810 /* Frameworks */ = {
			isa = PBXFrameworksBuildPhase;
			buildActionMask = 2147483647;
			files = (
			);
			runOnlyForDeploymentPostprocessing = 0;
		};
		8AF6BD111E3054E4005C4810 /* Frameworks */ = {
			isa = PBXFrameworksBuildPhase;
			buildActionMask = 2147483647;
			files = (
			);
			runOnlyForDeploymentPostprocessing = 0;
		};
/* End PBXFrameworksBuildPhase section */

/* Begin PBXGroup section */
		8AF6BCEC1E3054E3005C4810 = {
			isa = PBXGroup;
			children = (
				8AF6BCF71E3054E4005C4810 /* HelloWorld */,
				8AF6BD0C1E3054E4005C4810 /* HelloWorldTests */,
				8AF6BD171E3054E4005C4810 /* HelloWorldUITests */,
				8AF6BCF61E3054E4005C4810 /* Products */,
			);
			sourceTree = "<group>";
		};
		8AF6BCF61E3054E4005C4810 /* Products */ = {
			isa = PBXGroup;
			children = (
				8AF6BCF51E3054E4005C4810 /* HelloWorld.app */,
				8AF6BD091E3054E4005C4810 /* HelloWorldTests.xctest */,
				8AF6BD141E3054E4005C4810 /* HelloWorldUITests.xctest */,
			);
			name = Products;
			sourceTree = "<group>";
		};
		8AF6BCF71E3054E4005C4810 /* HelloWorld */ = {
			isa = PBXGroup;
			children = (
				8AF6BCF81E3054E4005C4810 /* AppDelegate.swift */,
				8AF6BCFA1E3054E4005C4810 /* ViewController.swift */,
				8AF6BCFC1E3054E4005C4810 /* Main.storyboard */,
				8AF6BCFF1E3054E4005C4810 /* Assets.xcassets */,
				8AF6BD011E3054E4005C4810 /* LaunchScreen.storyboard */,
				8AF6BD041E3054E4005C4810 /* Info.plist */,
			);
			path = HelloWorld;
			sourceTree = "<group>";
		};
		8AF6BD0C1E3054E4005C4810 /* HelloWorldTests */ = {
			isa = PBXGroup;
			children = (
				8AF6BD0D1E3054E4005C4810 /* HelloWorldTests.swift */,
				8AF6BD0F1E3054E4005C4810 /* Info.plist */,
			);
			path = HelloWorldTests;
			sourceTree = "<group>";
		};
		8AF6BD171E3054E4005C4810 /* HelloWorldUITests */ = {
			isa = PBXGroup;
			children = (
				8AF6BD181E3054E4005C4810 /* HelloWorldUITests.swift */,
				8AF6BD1A1E3054E4005C4810 /* Info.plist */,
			);
			path = HelloWorldUITests;
			sourceTree = "<group>";
		};
/* End PBXGroup section */

/* Begin PBXNativeTarget section */
		8AF6BCF41E3054E4005C4810 /* HelloWorld */ = {
			isa = PBXNativeTarget;
			buildConfigurationList = 8AF6BD1D1E3054E4005C4810 /* Build configuration list for PBXNativeTarget "HelloWorld" */;
			buildPhases = (
				8AF6BCF11E3054E4005C4810 /* Sources */,
				8AF6BCF21E3054E4005C4810 /* Frameworks */,
				8AF6BCF31E3054E4005C4810 /* Resources */,
			);
			buildRules = (
			);
			dependencies = (
			);
			name = HelloWorld;
			productName = HelloWorld;
			productReference = 8AF6BCF51E3054E4005C4810 /* HelloWorld.app */;
			productType = "com.apple.product-type.application";
		};
		8AF6BD081E3054E4005C4810 /* HelloWorldTests */ = {
			isa = PBXNativeTarget;
			buildConfigurationList = 8AF6BD201E3054E4005C4810 /* Build configuration list for PBXNativeTarget "HelloWorldTests" */;
			buildPhases = (
				8AF6BD051E3054E4005C4810 /* Sources */,
				8AF6BD061E3054E4005C4810 /* Frameworks */,
				8AF6BD071E3054E4005C4810 /* Resources */,
			);
			buildRules = (
			);
			dependencies = (
				8AF6BD0B1E3054E4005C4810 /* PBXTargetDependency */,
			);
			name = HelloWorldTests;
			productName = HelloWorldTests;
			productReference = 8AF6BD091E3054E4005C4810 /* HelloWorldTests.xctest */;
			productType = "com.apple.product-type.bundle.unit-test";
		};
		8AF6BD131E3054E4005C4810 /* HelloWorldUITests */ = {
			isa = PBXNativeTarget;
			buildConfigurationList = 8AF6BD231E3054E4005C4810 /* Build configuration list for PBXNativeTarget "HelloWorldUITests" */;
			buildPhases = (
				8AF6BD101E3054E4005C4810 /* Sources */,
				8AF6BD111E3054E4005C4810 /* Frameworks */,
				8AF6BD121E3054E4005C4810 /* Resources */,
			);
			buildRules = (
			);
			dependencies = (
				8AF6BD161E3054E4005C4810 /* PBXTargetDependency */,
			);
			name = HelloWorldUITests;
			productName = HelloWorldUITests;
			productReference = 8AF6BD141E3054E4005C4810 /* HelloWorldUITests.xctest */;
			productType = "com.apple.product-type.bundle.ui-testing";
		};
/* End PBXNativeTarget section */

/* Begin PBXProject section */
		8AF6BCED1E3054E3005C4810 /* Project object */ = {
			isa = PBXProject;
			attributes = {
				LastSwiftUpdateCheck = 0820;
				LastUpgradeCheck = 0820;
				ORGANIZATIONNAME = "Lorena Lopez";
				TargetAttributes = {
					8AF6BCF41E3054E4005C4810 = {
						CreatedOnToolsVersion = 8.2.1;
						DevelopmentTeam = TJTZ4US3ZR;
						ProvisioningStyle = Automatic;
					};
					8AF6BD081E3054E4005C4810 = {
						CreatedOnToolsVersion = 8.2.1;
						DevelopmentTeam = TJTZ4US3ZR;
						ProvisioningStyle = Automatic;
						TestTargetID = 8AF6BCF41E3054E4005C4810;
					};
					8AF6BD131E3054E4005C4810 = {
						CreatedOnToolsVersion = 8.2.1;
						DevelopmentTeam = TJTZ4US3ZR;
						ProvisioningStyle = Automatic;
						TestTargetID = 8AF6BCF41E3054E4005C4810;
					};
				};
			};
			buildConfigurationList = 8AF6BCF01E3054E4005C4810 /* Build configuration list for PBXProject "HelloWorld" */;
			compatibilityVersion = "Xcode 3.2";
			developmentRegion = English;
			hasScannedForEncodings = 0;
			knownRegions = (
				en,
				Base,
			);
			mainGroup = 8AF6BCEC1E3054E3005C4810;
			productRefGroup = 8AF6BCF61E3054E4005C4810 /* Products */;
			projectDirPath = "";
			projectRoot = "";
			targets = (
				8AF6BCF41E3054E4005C4810 /* HelloWorld */,
				8AF6BD081E3054E4005C4810 /* HelloWorldTests */,
				8AF6BD131E3054E4005C4810 /* HelloWorldUITests */,
			);
		};
/* End PBXProject section */

/* Begin PBXResourcesBuildPhase section */
		8AF6BCF31E3054E4005C4810 /* Resources */ = {
			isa = PBXResourcesBuildPhase;
			buildActionMask = 2147483647;
			files = (
				8AF6BD031E3054E4005C4810 /* LaunchScreen.storyboard in Resources */,
				8AF6BD001E3054E4005C4810 /* Assets.xcassets in Resources */,
				8AF6BCFE1E3054E4005C4810 /* Main.storyboard in Resources */,
			);
			runOnlyForDeploymentPostprocessing = 0;
		};
		8AF6BD071E3054E4005C4810 /* Resources */ = {
			isa = PBXResourcesBuildPhase;
			buildActionMask = 2147483647;
			files = (
			);
			runOnlyForDeploymentPostprocessing = 0;
		};
		8AF6BD121E3054E4005C4810 /* Resources */ = {
			isa = PBXResourcesBuildPhase;
			buildActionMask = 2147483647;
			files = (
			);
			runOnlyForDeploymentPostprocessing = 0;
		};
/* End PBXResourcesBuildPhase section */

/* Begin PBXSourcesBuildPhase section */
		8AF6BCF11E3054E4005C4810 /* Sources */ = {
			isa = PBXSourcesBuildPhase;
			buildActionMask = 2147483647;
			files = (
				8AF6BCFB1E3054E4005C4810 /* ViewController.swift in Sources */,
				8AF6BCF91E3054E4005C4810 /* AppDelegate.swift in Sources */,
			);
			runOnlyForDeploymentPostprocessing = 0;
		};
		8AF6BD051E3054E4005C4810 /* Sources */ = {
			isa = PBXSourcesBuildPhase;
			buildActionMask = 2147483647;
			files = (
				8AF6BD0E1E3054E4005C4810 /* HelloWorldTests.swift in Sources */,
			);
			runOnlyForDeploymentPostprocessing = 0;
		};
		8AF6BD101E3054E4005C4810 /* Sources */ = {
			isa = PBXSourcesBuildPhase;
			buildActionMask = 2147483647;
			files = (
				8AF6BD191E3054E4005C4810 /* HelloWorldUITests.swift in Sources */,
			);
			runOnlyForDeploymentPostprocessing = 0;
		};
/* End PBXSourcesBuildPhase section */

/* Begin PBXTargetDependency section */
		8AF6BD0B1E3054E4005C4810 /* PBXTargetDependency */ = {
			isa = PBXTargetDependency;
			target = 8AF6BCF41E3054E4005C4810 /* HelloWorld */;
			targetProxy = 8AF6BD0A1E3054E4005C4810 /* PBXContainerItemProxy */;
		};
		8AF6BD161E3054E4005C4810 /* PBXTargetDependency */ = {
			isa = PBXTargetDependency;
			target = 8AF6BCF41E3054E4005C4810 /* HelloWorld */;
			targetProxy = 8AF6BD151E3054E4005C4810 /* PBXContainerItemProxy */;
		};
/* End PBXTargetDependency section */

/* Begin PBXVariantGroup section */
		8AF6BCFC1E3054E4005C4810 /* Main.storyboard */ = {
			isa = PBXVariantGroup;
			children = (
				8AF6BCFD1E3054E4005C4810 /* Base */,
			);
			name = Main.storyboard;
			sourceTree = "<group>";
		};
		8AF6BD011E3054E4005C4810 /* LaunchScreen.storyboard */ = {
			isa = PBXVariantGroup;
			children = (
				8AF6BD021E3054E4005C4810 /* Base */,
			);
			name = LaunchScreen.storyboard;
			sourceTree = "<group>";
		};
/* End PBXVariantGroup section */

/* Begin XCBuildConfiguration section */
		8AF6BD1B1E3054E4005C4810 /* Debug */ = {
			isa = XCBuildConfiguration;
			buildSettings = {
				ALWAYS_SEARCH_USER_PATHS = NO;
				CLANG_ANALYZER_NONNULL = YES;
				CLANG_CXX_LANGUAGE_STANDARD = "gnu++0x";
				CLANG_CXX_LIBRARY = "libc++";
				CLANG_ENABLE_MODULES = YES;
				CLANG_ENABLE_OBJC_ARC = YES;
				CLANG_WARN_BOOL_CONVERSION = YES;
				CLANG_WARN_CONSTANT_CONVERSION = YES;
				CLANG_WARN_DIRECT_OBJC_ISA_USAGE = YES_ERROR;
				CLANG_WARN_DOCUMENTATION_COMMENTS = YES;
				CLANG_WARN_EMPTY_BODY = YES;
				CLANG_WARN_ENUM_CONVERSION = YES;
				CLANG_WARN_INFINITE_RECURSION = YES;
				CLANG_WARN_INT_CONVERSION = YES;
				CLANG_WARN_OBJC_ROOT_CLASS = YES_ERROR;
				CLANG_WARN_SUSPICIOUS_MOVE = YES;
				CLANG_WARN_UNREACHABLE_CODE = YES;
				CLANG_WARN__DUPLICATE_METHOD_MATCH = YES;
				"CODE_SIGN_IDENTITY[sdk=iphoneos*]" = "iPhone Developer";
				COPY_PHASE_STRIP = NO;
				DEBUG_INFORMATION_FORMAT = dwarf;
				ENABLE_STRICT_OBJC_MSGSEND = YES;
				ENABLE_TESTABILITY = YES;
				GCC_C_LANGUAGE_STANDARD = gnu99;
				GCC_DYNAMIC_NO_PIC = NO;
				GCC_NO_COMMON_BLOCKS = YES;
				GCC_OPTIMIZATION_LEVEL = 0;
				GCC_PREPROCESSOR_DEFINITIONS = (
					"DEBUG=1",
					"$(inherited)",
				);
				GCC_WARN_64_TO_32_BIT_CONVERSION = YES;
				GCC_WARN_ABOUT_RETURN_TYPE = YES_ERROR;
				GCC_WARN_UNDECLARED_SELECTOR = YES;
				GCC_WARN_UNINITIALIZED_AUTOS = YES_AGGRESSIVE;
				GCC_WARN_UNUSED_FUNCTION = YES;
				GCC_WARN_UNUSED_VARIABLE = YES;
				IPHONEOS_DEPLOYMENT_TARGET = 10.2;
				MTL_ENABLE_DEBUG_INFO = YES;
				ONLY_ACTIVE_ARCH = YES;
				SDKROOT = iphoneos;
				SWIFT_ACTIVE_COMPILATION_CONDITIONS = DEBUG;
				SWIFT_OPTIMIZATION_LEVEL = "-Onone";
				TARGETED_DEVICE_FAMILY = "1,2";
			};
			name = Debug;
		};
		8AF6BD1C1E3054E4005C4810 /* Release */ = {
			isa = XCBuildConfiguration;
			buildSettings = {
				ALWAYS_SEARCH_USER_PATHS = NO;
				CLANG_ANALYZER_NONNULL = YES;
				CLANG_CXX_LANGUAGE_STANDARD = "gnu++0x";
				CLANG_CXX_LIBRARY = "libc++";
				CLANG_ENABLE_MODULES = YES;
				CLANG_ENABLE_OBJC_ARC = YES;
				CLANG_WARN_BOOL_CONVERSION = YES;
				CLANG_WARN_CONSTANT_CONVERSION = YES;
				CLANG_WARN_DIRECT_OBJC_ISA_USAGE = YES_ERROR;
				CLANG_WARN_DOCUMENTATION_COMMENTS = YES;
				CLANG_WARN_EMPTY_BODY = YES;
				CLANG_WARN_ENUM_CONVERSION = YES;
				CLANG_WARN_INFINITE_RECURSION = YES;
				CLANG_WARN_INT_CONVERSION = YES;
				CLANG_WARN_OBJC_ROOT_CLASS = YES_ERROR;
				CLANG_WARN_SUSPICIOUS_MOVE = YES;
				CLANG_WARN_UNREACHABLE_CODE = YES;
				CLANG_WARN__DUPLICATE_METHOD_MATCH = YES;
				"CODE_SIGN_IDENTITY[sdk=iphoneos*]" = "iPhone Developer";
				COPY_PHASE_STRIP = NO;
				DEBUG_INFORMATION_FORMAT = "dwarf-with-dsym";
				ENABLE_NS_ASSERTIONS = NO;
				ENABLE_STRICT_OBJC_MSGSEND = YES;
				GCC_C_LANGUAGE_STANDARD = gnu99;
				GCC_NO_COMMON_BLOCKS = YES;
				GCC_WARN_64_TO_32_BIT_CONVERSION = YES;
				GCC_WARN_ABOUT_RETURN_TYPE = YES_ERROR;
				GCC_WARN_UNDECLARED_SELECTOR = YES;
				GCC_WARN_UNINITIALIZED_AUTOS = YES_AGGRESSIVE;
				GCC_WARN_UNUSED_FUNCTION = YES;
				GCC_WARN_UNUSED_VARIABLE = YES;
				IPHONEOS_DEPLOYMENT_TARGET = 10.2;
				MTL_ENABLE_DEBUG_INFO = NO;
				SDKROOT = iphoneos;
				SWIFT_OPTIMIZATION_LEVEL = "-Owholemodule";
				TARGETED_DEVICE_FAMILY = "1,2";
				VALIDATE_PRODUCT = YES;
			};
			name = Release;
		};
		8AF6BD1E1E3054E4005C4810 /* Debug */ = {
			isa = XCBuildConfiguration;
			buildSettings = {
				ASSETCATALOG_COMPILER_APPICON_NAME = AppIcon;
				DEVELOPMENT_TEAM = TJTZ4US3ZR;
				INFOPLIST_FILE = HelloWorld/Info.plist;
				LD_RUNPATH_SEARCH_PATHS = "$(inherited) @executable_path/Frameworks";
				PRODUCT_BUNDLE_IDENTIFIER = lorilpz.HelloWorld;
				PRODUCT_NAME = "$(TARGET_NAME)";
				SWIFT_VERSION = 3.0;
			};
			name = Debug;
		};
		8AF6BD1F1E3054E4005C4810 /* Release */ = {
			isa = XCBuildConfiguration;
			buildSettings = {
				ASSETCATALOG_COMPILER_APPICON_NAME = AppIcon;
				DEVELOPMENT_TEAM = TJTZ4US3ZR;
				INFOPLIST_FILE = HelloWorld/Info.plist;
				LD_RUNPATH_SEARCH_PATHS = "$(inherited) @executable_path/Frameworks";
				PRODUCT_BUNDLE_IDENTIFIER = lorilpz.HelloWorld;
				PRODUCT_NAME = "$(TARGET_NAME)";
				SWIFT_VERSION = 3.0;
			};
			name = Release;
		};
		8AF6BD211E3054E4005C4810 /* Debug */ = {
			isa = XCBuildConfiguration;
			buildSettings = {
				ALWAYS_EMBED_SWIFT_STANDARD_LIBRARIES = YES;
				BUNDLE_LOADER = "$(TEST_HOST)";
				DEVELOPMENT_TEAM = TJTZ4US3ZR;
				INFOPLIST_FILE = HelloWorldTests/Info.plist;
				LD_RUNPATH_SEARCH_PATHS = "$(inherited) @executable_path/Frameworks @loader_path/Frameworks";
				PRODUCT_BUNDLE_IDENTIFIER = lorilpz.HelloWorldTests;
				PRODUCT_NAME = "$(TARGET_NAME)";
				SWIFT_VERSION = 3.0;
				TEST_HOST = "$(BUILT_PRODUCTS_DIR)/HelloWorld.app/HelloWorld";
			};
			name = Debug;
		};
		8AF6BD221E3054E4005C4810 /* Release */ = {
			isa = XCBuildConfiguration;
			buildSettings = {
				ALWAYS_EMBED_SWIFT_STANDARD_LIBRARIES = YES;
				BUNDLE_LOADER = "$(TEST_HOST)";
				DEVELOPMENT_TEAM = TJTZ4US3ZR;
				INFOPLIST_FILE = HelloWorldTests/Info.plist;
				LD_RUNPATH_SEARCH_PATHS = "$(inherited) @executable_path/Frameworks @loader_path/Frameworks";
				PRODUCT_BUNDLE_IDENTIFIER = lorilpz.HelloWorldTests;
				PRODUCT_NAME = "$(TARGET_NAME)";
				SWIFT_VERSION = 3.0;
				TEST_HOST = "$(BUILT_PRODUCTS_DIR)/HelloWorld.app/HelloWorld";
			};
			name = Release;
		};
		8AF6BD241E3054E4005C4810 /* Debug */ = {
			isa = XCBuildConfiguration;
			buildSettings = {
				ALWAYS_EMBED_SWIFT_STANDARD_LIBRARIES = YES;
				DEVELOPMENT_TEAM = TJTZ4US3ZR;
				INFOPLIST_FILE = HelloWorldUITests/Info.plist;
				LD_RUNPATH_SEARCH_PATHS = "$(inherited) @executable_path/Frameworks @loader_path/Frameworks";
				PRODUCT_BUNDLE_IDENTIFIER = lorilpz.HelloWorldUITests;
				PRODUCT_NAME = "$(TARGET_NAME)";
				SWIFT_VERSION = 3.0;
				TEST_TARGET_NAME = HelloWorld;
			};
			name = Debug;
		};
		8AF6BD251E3054E4005C4810 /* Release */ = {
			isa = XCBuildConfiguration;
			buildSettings = {
				ALWAYS_EMBED_SWIFT_STANDARD_LIBRARIES = YES;
				DEVELOPMENT_TEAM = TJTZ4US3ZR;
				INFOPLIST_FILE = HelloWorldUITests/Info.plist;
				LD_RUNPATH_SEARCH_PATHS = "$(inherited) @executable_path/Frameworks @loader_path/Frameworks";
				PRODUCT_BUNDLE_IDENTIFIER = lorilpz.HelloWorldUITests;
				PRODUCT_NAME = "$(TARGET_NAME)";
				SWIFT_VERSION = 3.0;
				TEST_TARGET_NAME = HelloWorld;
			};
			name = Release;
		};
/* End XCBuildConfiguration section */

/* Begin XCConfigurationList section */
		8AF6BCF01E3054E4005C4810 /* Build configuration list for PBXProject "HelloWorld" */ = {
			isa = XCConfigurationList;
			buildConfigurations = (
				8AF6BD1B1E3054E4005C4810 /* Debug */,
				8AF6BD1C1E3054E4005C4810 /* Release */,
			);
			defaultConfigurationIsVisible = 0;
			defaultConfigurationName = Release;
		};
		8AF6BD1D1E3054E4005C4810 /* Build configuration list for PBXNativeTarget "HelloWorld" */ = {
			isa = XCConfigurationList;
			buildConfigurations = (
				8AF6BD1E1E3054E4005C4810 /* Debug */,
				8AF6BD1F1E3054E4005C4810 /* Release */,
			);
			defaultConfigurationIsVisible = 0;
		};
		8AF6BD201E3054E4005C4810 /* Build configuration list for PBXNativeTarget "HelloWorldTests" */ = {
			isa = XCConfigurationList;
			buildConfigurations = (
				8AF6BD211E3054E4005C4810 /* Debug */,
				8AF6BD221E3054E4005C4810 /* Release */,
			);
			defaultConfigurationIsVisible = 0;
		};
		8AF6BD231E3054E4005C4810 /* Build configuration list for PBXNativeTarget "HelloWorldUITests" */ = {
			isa = XCConfigurationList;
			buildConfigurations = (
				8AF6BD241E3054E4005C4810 /* Debug */,
				8AF6BD251E3054E4005C4810 /* Release */,
			);
			defaultConfigurationIsVisible = 0;
		};
/* End XCConfigurationList section */
	};
	rootObject = 8AF6BCED1E3054E3005C4810 /* Project object */;
}
